
Microsoft Visual Studio Solution File, Format Version 12.00
Project("{FAE04EC0-301F-11D3-BF4B-00C04F79EFBC}") = "image_processing", "image_processing\image_processing.csproj", "{378ABC1A-53F0-4444-8AC5-78FD4E4A242C}"
EndProject
Project("{FAE04EC0-301F-11D3-BF4B-00C04F79EFBC}") = "task_1", "task_1\task_1.csproj", "{4D3AE89F-53C5-4937-8E59-41EBEF98CE03}"
EndProject
Project("{FAE04EC0-301F-11D3-BF4B-00C04F79EFBC}") = "image_processing_core", "image_processing_core\image_processing_core.csproj", "{7D957866-54B6-4621-9D00-B9C691D1F885}"
EndProject
Project("{FAE04EC0-301F-11D3-BF4B-00C04F79EFBC}") = "task_1_tests", "task_1_tests\task_1_tests.csproj", "{414CD39A-BA34-405F-819E-33805476FAF5}"
EndProject
Project("{FAE04EC0-301F-11D3-BF4B-00C04F79EFBC}") = "task_2", "task_2\task_2.csproj", "{0A992D20-2B93-4B6A-9EA9-E19F1F2776EC}"
EndProject
Project("{FAE04EC0-301F-11D3-BF4B-00C04F79EFBC}") = "task_2_tests", "task_2_tests\task_2_tests.csproj", "{4A27B71C-951E-4E8D-BCAB-870FB5F28F9A}"
EndProject
Project("{2150E333-8FDC-42A3-9474-1A3956D46DE8}") = "Task1", "Task1", "{04670E41-D1FF-46E5-BF79-0FA9092510AD}"
EndProject
Project("{2150E333-8FDC-42A3-9474-1A3956D46DE8}") = "Task2", "Task2", "{427192A8-B82A-47C1-899C-1DA819EAFBAE}"
EndProject
Global
	GlobalSection(SolutionConfigurationPlatforms) = preSolution
		Debug|Any CPU = Debug|Any CPU
		Release|Any CPU = Release|Any CPU
	EndGlobalSection
	GlobalSection(ProjectConfigurationPlatforms) = postSolution
		{378ABC1A-53F0-4444-8AC5-78FD4E4A242C}.Debug|Any CPU.ActiveCfg = Debug|Any CPU
		{378ABC1A-53F0-4444-8AC5-78FD4E4A242C}.Debug|Any CPU.Build.0 = Debug|Any CPU
		{378ABC1A-53F0-4444-8AC5-78FD4E4A242C}.Release|Any CPU.ActiveCfg = Release|Any CPU
		{378ABC1A-53F0-4444-8AC5-78FD4E4A242C}.Release|Any CPU.Build.0 = Release|Any CPU
		{4D3AE89F-53C5-4937-8E59-41EBEF98CE03}.Debug|Any CPU.ActiveCfg = Debug|Any CPU
		{4D3AE89F-53C5-4937-8E59-41EBEF98CE03}.Debug|Any CPU.Build.0 = Debug|Any CPU
		{4D3AE89F-53C5-4937-8E59-41EBEF98CE03}.Release|Any CPU.ActiveCfg = Release|Any CPU
		{4D3AE89F-53C5-4937-8E59-41EBEF98CE03}.Release|Any CPU.Build.0 = Release|Any CPU
		{7D957866-54B6-4621-9D00-B9C691D1F885}.Debug|Any CPU.ActiveCfg = Debug|Any CPU
		{7D957866-54B6-4621-9D00-B9C691D1F885}.Debug|Any CPU.Build.0 = Debug|Any CPU
		{7D957866-54B6-4621-9D00-B9C691D1F885}.Release|Any CPU.ActiveCfg = Release|Any CPU
		{7D957866-54B6-4621-9D00-B9C691D1F885}.Release|Any CPU.Build.0 = Release|Any CPU
		{414CD39A-BA34-405F-819E-33805476FAF5}.Debug|Any CPU.ActiveCfg = Debug|Any CPU
		{414CD39A-BA34-405F-819E-33805476FAF5}.Debug|Any CPU.Build.0 = Debug|Any CPU
		{414CD39A-BA34-405F-819E-33805476FAF5}.Release|Any CPU.ActiveCfg = Release|Any CPU
		{414CD39A-BA34-405F-819E-33805476FAF5}.Release|Any CPU.Build.0 = Release|Any CPU
		{0A992D20-2B93-4B6A-9EA9-E19F1F2776EC}.Debug|Any CPU.ActiveCfg = Debug|Any CPU
		{0A992D20-2B93-4B6A-9EA9-E19F1F2776EC}.Debug|Any CPU.Build.0 = Debug|Any CPU
		{0A992D20-2B93-4B6A-9EA9-E19F1F2776EC}.Release|Any CPU.ActiveCfg = Release|Any CPU
		{0A992D20-2B93-4B6A-9EA9-E19F1F2776EC}.Release|Any CPU.Build.0 = Release|Any CPU
		{4A27B71C-951E-4E8D-BCAB-870FB5F28F9A}.Debug|Any CPU.ActiveCfg = Debug|Any CPU
		{4A27B71C-951E-4E8D-BCAB-870FB5F28F9A}.Debug|Any CPU.Build.0 = Debug|Any CPU
		{4A27B71C-951E-4E8D-BCAB-870FB5F28F9A}.Release|Any CPU.ActiveCfg = Release|Any CPU
		{4A27B71C-951E-4E8D-BCAB-870FB5F28F9A}.Release|Any CPU.Build.0 = Release|Any CPU
	EndGlobalSection
	GlobalSection(NestedProjects) = preSolution
		{4D3AE89F-53C5-4937-8E59-41EBEF98CE03} = {04670E41-D1FF-46E5-BF79-0FA9092510AD}
		{414CD39A-BA34-405F-819E-33805476FAF5} = {04670E41-D1FF-46E5-BF79-0FA9092510AD}
		{0A992D20-2B93-4B6A-9EA9-E19F1F2776EC} = {427192A8-B82A-47C1-899C-1DA819EAFBAE}
		{4A27B71C-951E-4E8D-BCAB-870FB5F28F9A} = {427192A8-B82A-47C1-899C-1DA819EAFBAE}
	EndGlobalSection
EndGlobal
